
Microsoft Visual Studio Solution File, Format Version 12.00
# Visual Studio Version 16
VisualStudioVersion = 16.0.30804.86
MinimumVisualStudioVersion = 10.0.40219.1
Project("{9A19103F-16F7-4668-BE54-9A1E7A4F7556}") = "TestPr1", "TestPr1\TestPr1.csproj", "{88AFD6A6-8154-43D3-970B-DA6C65AE34D9}"
EndProject
Project("{9A19103F-16F7-4668-BE54-9A1E7A4F7556}") = "TestPr2", "TestPr2\TestPr2.csproj", "{364AB9D2-4175-4A16-9E83-E9FA8791A13D}"
EndProject
Project("{9A19103F-16F7-4668-BE54-9A1E7A4F7556}") = "TestPr3", "TestPr3\TestPr3.csproj", "{92B1A0A1-4165-41E7-A1CE-2C28EABAC4BD}"
EndProject
Project("{9A19103F-16F7-4668-BE54-9A1E7A4F7556}") = "TestPr4Calculate", "TestPr4Calculate\TestPr4Calculate.csproj", "{F4FA6706-3B78-409F-A111-A1F817D82B12}"
EndProject
Project("{FAE04EC0-301F-11D3-BF4B-00C04F79EFBC}") = "Test5CountValueEvenOdd", "Test5CountValueEvenOdd\Test5CountValueEvenOdd.csproj", "{6FA38DF9-F7D7-45B6-82D2-86F9C50E347A}"
EndProject
Global
	GlobalSection(SolutionConfigurationPlatforms) = preSolution
		Debug|Any CPU = Debug|Any CPU
		Release|Any CPU = Release|Any CPU
	EndGlobalSection
	GlobalSection(ProjectConfigurationPlatforms) = postSolution
		{88AFD6A6-8154-43D3-970B-DA6C65AE34D9}.Debug|Any CPU.ActiveCfg = Debug|Any CPU
		{88AFD6A6-8154-43D3-970B-DA6C65AE34D9}.Debug|Any CPU.Build.0 = Debug|Any CPU
		{88AFD6A6-8154-43D3-970B-DA6C65AE34D9}.Release|Any CPU.ActiveCfg = Release|Any CPU
		{88AFD6A6-8154-43D3-970B-DA6C65AE34D9}.Release|Any CPU.Build.0 = Release|Any CPU
		{364AB9D2-4175-4A16-9E83-E9FA8791A13D}.Debug|Any CPU.ActiveCfg = Debug|Any CPU
		{364AB9D2-4175-4A16-9E83-E9FA8791A13D}.Debug|Any CPU.Build.0 = Debug|Any CPU
		{364AB9D2-4175-4A16-9E83-E9FA8791A13D}.Release|Any CPU.ActiveCfg = Release|Any CPU
		{364AB9D2-4175-4A16-9E83-E9FA8791A13D}.Release|Any CPU.Build.0 = Release|Any CPU
		{92B1A0A1-4165-41E7-A1CE-2C28EABAC4BD}.Debug|Any CPU.ActiveCfg = Debug|Any CPU
		{92B1A0A1-4165-41E7-A1CE-2C28EABAC4BD}.Debug|Any CPU.Build.0 = Debug|Any CPU
		{92B1A0A1-4165-41E7-A1CE-2C28EABAC4BD}.Release|Any CPU.ActiveCfg = Release|Any CPU
		{92B1A0A1-4165-41E7-A1CE-2C28EABAC4BD}.Release|Any CPU.Build.0 = Release|Any CPU
		{F4FA6706-3B78-409F-A111-A1F817D82B12}.Debug|Any CPU.ActiveCfg = Debug|Any CPU
		{F4FA6706-3B78-409F-A111-A1F817D82B12}.Debug|Any CPU.Build.0 = Debug|Any CPU
		{F4FA6706-3B78-409F-A111-A1F817D82B12}.Release|Any CPU.ActiveCfg = Release|Any CPU
		{F4FA6706-3B78-409F-A111-A1F817D82B12}.Release|Any CPU.Build.0 = Release|Any CPU
		{6FA38DF9-F7D7-45B6-82D2-86F9C50E347A}.Debug|Any CPU.ActiveCfg = Debug|Any CPU
		{6FA38DF9-F7D7-45B6-82D2-86F9C50E347A}.Debug|Any CPU.Build.0 = Debug|Any CPU
		{6FA38DF9-F7D7-45B6-82D2-86F9C50E347A}.Release|Any CPU.ActiveCfg = Release|Any CPU
		{6FA38DF9-F7D7-45B6-82D2-86F9C50E347A}.Release|Any CPU.Build.0 = Release|Any CPU
	EndGlobalSection
	GlobalSection(SolutionProperties) = preSolution
		HideSolutionNode = FALSE
	EndGlobalSection
	GlobalSection(ExtensibilityGlobals) = postSolution
		SolutionGuid = {80E5C792-D49A-4177-8545-4048B6EEEADD}
	EndGlobalSection
EndGlobal
