
Microsoft Visual Studio Solution File, Format Version 12.00
# Visual Studio Version 16
VisualStudioVersion = 16.0.30804.86
MinimumVisualStudioVersion = 10.0.40219.1
Project("{9A19103F-16F7-4668-BE54-9A1E7A4F7556}") = "TestPr1", "TestPr1\TestPr1.csproj", "{88AFD6A6-8154-43D3-970B-DA6C65AE34D9}"
EndProject
Project("{9A19103F-16F7-4668-BE54-9A1E7A4F7556}") = "TestPr2", "TestPr2\TestPr2.csproj", "{364AB9D2-4175-4A16-9E83-E9FA8791A13D}"
EndProject
Project("{9A19103F-16F7-4668-BE54-9A1E7A4F7556}") = "TestPr3", "TestPr3\TestPr3.csproj", "{92B1A0A1-4165-41E7-A1CE-2C28EABAC4BD}"
EndProject
Project("{9A19103F-16F7-4668-BE54-9A1E7A4F7556}") = "TestPr4Calculate", "TestPr4Calculate\TestPr4Calculate.csproj", "{F4FA6706-3B78-409F-A111-A1F817D82B12}"
EndProject
Project("{9A19103F-16F7-4668-BE54-9A1E7A4F7556}") = "TestPr5CountValueEvenOdd", "Test5CountValueEvenOdd\TestPr5CountValueEvenOdd.csproj", "{6FA38DF9-F7D7-45B6-82D2-86F9C50E347A}"
EndProject
Project("{9A19103F-16F7-4668-BE54-9A1E7A4F7556}") = "TestPr6SymbolCountMethod", "TestPr6SymbolCount\TestPr6SymbolCountMethod.csproj", "{168A678B-4BD8-410C-AED1-95B5F7294B8B}"
EndProject
Project("{9A19103F-16F7-4668-BE54-9A1E7A4F7556}") = "TestPr7NumberBackwards", "TestPr7NumberBackwards\TestPr7NumberBackwards.csproj", "{B0461F37-5FDF-4E62-9198-DE35799C5CFF}"
EndProject
Project("{9A19103F-16F7-4668-BE54-9A1E7A4F7556}") = "TestPr8OutputValueByIndex", "TestPr8OutputValueByIndex\TestPr8OutputValueByIndex.csproj", "{0CF6F323-2510-41D2-AD27-2F5979364F37}"
EndProject
Project("{9A19103F-16F7-4668-BE54-9A1E7A4F7556}") = "TestPr9 RemoveDigitFromNumber", "TestPr9 RemoveDigitFromNumber\TestPr9 RemoveDigitFromNumber.csproj", "{CAF330ED-98B1-43C3-9530-1413335DD352}"
EndProject
Project("{9A19103F-16F7-4668-BE54-9A1E7A4F7556}") = "TestPr10 MinMaxValueArray", "TestPr9 MinMaxValueArray\TestPr10 MinMaxValueArray.csproj", "{53086242-CB09-4B7F-861E-72B1D39AE950}"
EndProject
Project("{9A19103F-16F7-4668-BE54-9A1E7A4F7556}") = "TestPr11 SortingArray", "TestPr11 SortingArray\TestPr11 SortingArray.csproj", "{D709A977-88F6-4FA3-8413-4343DD90B3E0}"
EndProject
Project("{9A19103F-16F7-4668-BE54-9A1E7A4F7556}") = "TestPr12 CombineArray", "TestPr12 CombineArray\TestPr12 CombineArray.csproj", "{8AC359C0-97E2-4F27-A284-8CC8E19306DE}"
EndProject
Project("{9A19103F-16F7-4668-BE54-9A1E7A4F7556}") = "TestPr13 ConverteValueToNumberSystem", "TestPr13 ConverteValueToNumberSystem\TestPr13 ConverteValueToNumberSystem.csproj", "{2B627C79-5EF8-42D3-B493-D84D70DACD6F}"
EndProject
Project("{9A19103F-16F7-4668-BE54-9A1E7A4F7556}") = "TestPr14 CalculateFunction y = f(x)", "TestPr14 CalculateFunction y = f(x)\TestPr14 CalculateFunction y = f(x).csproj", "{73A1106F-9109-4F29-AEB2-87BE54A66606}"
EndProject
Project("{9A19103F-16F7-4668-BE54-9A1E7A4F7556}") = "TestPr15 DrawTriangles", "TestPr15 DrawTriangles\TestPr15 DrawTriangles.csproj", "{04948B89-4A0C-4252-B04F-95A241E0EC22}"
EndProject
Project("{9A19103F-16F7-4668-BE54-9A1E7A4F7556}") = "TestPr16 DrawRectangle", "TestPr16 DrawRectangle\TestPr16 DrawRectangle.csproj", "{05F1639F-78F7-4CBB-A4CC-C957E46C2E5E}"
EndProject
Project("{9A19103F-16F7-4668-BE54-9A1E7A4F7556}") = "TestPr17 Massive", "TestPr17 Massive\TestPr17 Massive.csproj", "{00E66102-40A4-4E96-807C-105BCB6DD6A3}"
EndProject
Project("{9A19103F-16F7-4668-BE54-9A1E7A4F7556}") = "TEST", "TEST\TEST.csproj", "{D7300B4F-193F-43B5-AC64-BE375FDFF2E6}"
EndProject
Project("{9A19103F-16F7-4668-BE54-9A1E7A4F7556}") = "TestPr18  Method outputs a string from characters", "TestPr18  Method outputs a string from characters\TestPr18  Method outputs a string from characters.csproj", "{5627860A-63E8-4688-895B-CD127D4FB07B}"
EndProject
Project("{9A19103F-16F7-4668-BE54-9A1E7A4F7556}") = "TestPr19 Tuple", "TestPr19 Кортежи (tuple)\TestPr19 Tuple.csproj", "{E1C98ED6-B69C-44B6-B248-F2E1EAB9D72B}"
EndProject
Project("{9A19103F-16F7-4668-BE54-9A1E7A4F7556}") = "TestPr20 Constructor", "TestPr20 Constructor\TestPr20 Constructor.csproj", "{69E488F4-644D-4DCD-8FA0-CCC101913525}"
EndProject
Project("{9A19103F-16F7-4668-BE54-9A1E7A4F7556}") = "TestPr21 List", "TestPr21 List\TestPr21 List.csproj", "{22B27B32-8F1C-470F-99BD-4E41CC3A51E6}"
EndProject
Project("{9A19103F-16F7-4668-BE54-9A1E7A4F7556}") = "TestPr22 Params", "TestPr22 Params\TestPr22 Params.csproj", "{876D6EF2-6E75-4FAB-8553-29DC934ACBE9}"
EndProject
Project("{9A19103F-16F7-4668-BE54-9A1E7A4F7556}") = "TestPr23 Thread basic knowledge", "TestPr23 Thread basic knowledge\TestPr23 Thread basic knowledge.csproj", "{41640979-619C-4575-A0E0-A1B0EA992EC6}"
EndProject
Project("{9A19103F-16F7-4668-BE54-9A1E7A4F7556}") = "TestPr24 Рекурсия Outputting an array using recursion", "TestPr24 Рекурсия\TestPr24 Рекурсия Outputting an array using recursion.csproj", "{4DDAAD17-E001-4C6C-9A4C-42C65497C2DF}"
EndProject
Project("{9A19103F-16F7-4668-BE54-9A1E7A4F7556}") = "TestPr24.1 Рекурсия Outputting the sum of array elements using recursion", "TestPr24.1 Рекурсия\TestPr24.1 Рекурсия Outputting the sum of array elements using recursion.csproj", "{7590445C-4464-4886-99B1-BD111E0E1771}"
EndProject
Project("{9A19103F-16F7-4668-BE54-9A1E7A4F7556}") = "TestPr25.1 Enum Part1", "TestPr25.1 Enum Part1\TestPr25.1 Enum Part1.csproj", "{1300ECFB-C678-4663-B2CA-DA93375C1A81}"
EndProject
Project("{9A19103F-16F7-4668-BE54-9A1E7A4F7556}") = "TestPr25.2 Enum Part2", "TestPr25.2 Enum Part2\TestPr25.2 Enum Part2.csproj", "{0DE11CF0-7412-4493-A11A-98C0A6040B26}"
EndProject
Project("{9A19103F-16F7-4668-BE54-9A1E7A4F7556}") = "TestPr25.3 Enum Part3", "TestPr25.3 Enum Part3\TestPr25.3 Enum Part3.csproj", "{52C5724B-C8C9-42CF-8E8B-B46B08915478}"
EndProject
Project("{9A19103F-16F7-4668-BE54-9A1E7A4F7556}") = "TestPr26.1 OOP (object oriented programming) Part1", "TestPr26 OOP (object oriented programming)\TestPr26.1 OOP (object oriented programming) Part1.csproj", "{6436C83D-D05E-430B-8212-2EA67E0ABC8B}"
EndProject
Project("{9A19103F-16F7-4668-BE54-9A1E7A4F7556}") = "TestPr26.2 OOP (object oriented programming) Part2", "TestPr26.2 OOP (object oriented programming) Part2\TestPr26.2 OOP (object oriented programming) Part2.csproj", "{EAC89431-1306-42CA-920B-170E4B07DEDC}"
EndProject
Project("{9A19103F-16F7-4668-BE54-9A1E7A4F7556}") = "TestPr21.1 Delegate", "TestPr21.1 Delegate\TestPr21.1 Delegate.csproj", "{9F465C56-AE91-43AD-B75A-05FFF49C09EA}"
EndProject
Project("{9A19103F-16F7-4668-BE54-9A1E7A4F7556}") = "TestPr21.2 Delegate Part2 Code Blog", "TestPr21.2 Delegate Part2 Code Blog\TestPr21.2 Delegate Part2 Code Blog.csproj", "{CCBCF58E-6978-4022-B362-7E8A72B2C4BB}"
EndProject
Project("{9A19103F-16F7-4668-BE54-9A1E7A4F7556}") = "TestPr21.3 Delegate Action, Predicate and Func", "TestPr21.3 Delegate Action, Predicate and Func\TestPr21.3 Delegate Action, Predicate and Func.csproj", "{5C80A914-0818-4A90-88A5-981BDCD7419C}"
EndProject
Project("{9A19103F-16F7-4668-BE54-9A1E7A4F7556}") = "TestPr21.4 Delegate Event", "TestPr21.4 Delegate Event\TestPr21.4 Delegate Event.csproj", "{209D211E-3D36-4CBF-AFE9-1C247D7CEF86}"
EndProject
Project("{9A19103F-16F7-4668-BE54-9A1E7A4F7556}") = "TestPr26.3 OOP (object oriented programming) Part3 Inheritance", "TestPr26.3 OOP (object oriented programming) Part3 Inheritance\TestPr26.3 OOP (object oriented programming) Part3 Inheritance.csproj", "{54ADB2E0-5CA8-4DC4-BCD0-6FB1E26F47C6}"
EndProject
Project("{9A19103F-16F7-4668-BE54-9A1E7A4F7556}") = "TestPr26.4 OOP (object oriented programming) Part4", "TestPr26.4 OOP (object oriented programming) Part4\TestPr26.4 OOP (object oriented programming) Part4.csproj", "{0B8D262E-8401-4793-B7CC-88C3661DBF52}"
EndProject
Project("{9A19103F-16F7-4668-BE54-9A1E7A4F7556}") = "TestPr26.5 OOP (object oriented programming) Part5 Encapsulation", "TestPr26.5 OOP (object oriented programming) Part5 Encapsulation\TestPr26.5 OOP (object oriented programming) Part5 Encapsulation.csproj", "{38E4DD82-1AE6-4292-B1B6-E9C4932A2E20}"
EndProject
Project("{9A19103F-16F7-4668-BE54-9A1E7A4F7556}") = "TestPr13.2 ConverteValueToNumberSystem Part2 TryParse and Convert", "TestPr13.2 ConverteValueToNumberSystem Part2 TryParse and Convert\TestPr13.2 ConverteValueToNumberSystem Part2 TryParse and Convert.csproj", "{B01D0234-F080-4162-A6BD-1BEF13A6C6ED}"
EndProject
Project("{9A19103F-16F7-4668-BE54-9A1E7A4F7556}") = "TestPr26.6 OOP (object oriented programming) Part6 Calculate using Method", "TestPr26.6 OOP (object oriented programming) Part6 Calculate using Method\TestPr26.6 OOP (object oriented programming) Part6 Calculate using Method.csproj", "{E6B97001-B779-4D6E-84DB-B3047ABA387B}"
EndProject
Project("{9A19103F-16F7-4668-BE54-9A1E7A4F7556}") = "TestPr8.1 Key Pressed detection", "TestPr8.1 Key Pressed detection\TestPr8.1 Key Pressed detection.csproj", "{9ADF04FE-0A2D-49B7-8F9A-E79FC856EAE7}"
EndProject
Project("{9A19103F-16F7-4668-BE54-9A1E7A4F7556}") = "TestPr27 Overloading class constructors", "TestPr27 Overloading class constructors\TestPr27 Overloading class constructors.csproj", "{9331CBDC-FAE8-4F42-AD6E-BBD1EDF37144}"
EndProject
Project("{9A19103F-16F7-4668-BE54-9A1E7A4F7556}") = "TestPr28 Static constructor", "TestPr28 Static constructor\TestPr28 Static constructor.csproj", "{AE59EDBC-F5F4-4FA6-BF7F-4E6A9EFB83B9}"
EndProject
Project("{9A19103F-16F7-4668-BE54-9A1E7A4F7556}") = "TestPr29 Extantion method", "TestPr29 Extantion method\TestPr29 Extantion method.csproj", "{F0C036AD-E5A2-44AB-BDEA-033855091EE6}"
EndProject
Project("{9A19103F-16F7-4668-BE54-9A1E7A4F7556}") = "TestPr30 Const vs Readonly", "TestPr30 Const vs Readonly\TestPr30 Const vs Readonly.csproj", "{ACB165E6-79DF-4541-B46F-3D5E97E8F200}"
EndProject
Project("{9A19103F-16F7-4668-BE54-9A1E7A4F7556}") = "TestPr26.7 OOP (object oriented programming) Part7 Object initialization syntax", "TestPr26.7 OOP (object oriented programming) Part7 Object initialization syntax\TestPr26.7 OOP (object oriented programming) Part7 Object initialization syntax.csproj", "{95E6376D-3F15-4C0B-80EE-1A0486B73B01}"
EndProject
Project("{9A19103F-16F7-4668-BE54-9A1E7A4F7556}") = "TestPr26.8 OOP (object oriented programming) Part8 Inheritance", "TestPr26.8 OOP (object oriented programming) Part8 Inheritance\TestPr26.8 OOP (object oriented programming) Part8 Inheritance.csproj", "{5140DDD3-7990-4BA6-BF96-B9BFAF095414}"
EndProject
Project("{FAE04EC0-301F-11D3-BF4B-00C04F79EFBC}") = "TestPr31 Stream, FileStream, Using, Try-Catch-Finally", "TestPr31 Stream, FileStream, Using, Try-Catch-Finally\TestPr31 Stream, FileStream, Using, Try-Catch-Finally.csproj", "{D4399B55-9439-487F-AAED-19513471BE0C}"
EndProject
Project("{FAE04EC0-301F-11D3-BF4B-00C04F79EFBC}") = "TestPr31.1 Stream, FileStream, Using, Try-Catch-Finally", "TestPr31.1 Stream, FileStream, Using, Try-Catch-Finally\TestPr31.1 Stream, FileStream, Using, Try-Catch-Finally.csproj", "{BFB2D79E-BC9B-4F04-8C1A-DEDF09782EC3}"
EndProject
Project("{FAE04EC0-301F-11D3-BF4B-00C04F79EFBC}") = "TestPr7.1 DateTime", "TestPr7.1 DateTime\TestPr7.1 DateTime.csproj", "{A74660A3-2E31-463F-9123-07FD417F859D}"
EndProject
Global
	GlobalSection(SolutionConfigurationPlatforms) = preSolution
		Debug|Any CPU = Debug|Any CPU
		Release|Any CPU = Release|Any CPU
	EndGlobalSection
	GlobalSection(ProjectConfigurationPlatforms) = postSolution
		{88AFD6A6-8154-43D3-970B-DA6C65AE34D9}.Debug|Any CPU.ActiveCfg = Debug|Any CPU
		{88AFD6A6-8154-43D3-970B-DA6C65AE34D9}.Debug|Any CPU.Build.0 = Debug|Any CPU
		{88AFD6A6-8154-43D3-970B-DA6C65AE34D9}.Release|Any CPU.ActiveCfg = Release|Any CPU
		{88AFD6A6-8154-43D3-970B-DA6C65AE34D9}.Release|Any CPU.Build.0 = Release|Any CPU
		{364AB9D2-4175-4A16-9E83-E9FA8791A13D}.Debug|Any CPU.ActiveCfg = Debug|Any CPU
		{364AB9D2-4175-4A16-9E83-E9FA8791A13D}.Debug|Any CPU.Build.0 = Debug|Any CPU
		{364AB9D2-4175-4A16-9E83-E9FA8791A13D}.Release|Any CPU.ActiveCfg = Release|Any CPU
		{364AB9D2-4175-4A16-9E83-E9FA8791A13D}.Release|Any CPU.Build.0 = Release|Any CPU
		{92B1A0A1-4165-41E7-A1CE-2C28EABAC4BD}.Debug|Any CPU.ActiveCfg = Debug|Any CPU
		{92B1A0A1-4165-41E7-A1CE-2C28EABAC4BD}.Debug|Any CPU.Build.0 = Debug|Any CPU
		{92B1A0A1-4165-41E7-A1CE-2C28EABAC4BD}.Release|Any CPU.ActiveCfg = Release|Any CPU
		{92B1A0A1-4165-41E7-A1CE-2C28EABAC4BD}.Release|Any CPU.Build.0 = Release|Any CPU
		{F4FA6706-3B78-409F-A111-A1F817D82B12}.Debug|Any CPU.ActiveCfg = Debug|Any CPU
		{F4FA6706-3B78-409F-A111-A1F817D82B12}.Debug|Any CPU.Build.0 = Debug|Any CPU
		{F4FA6706-3B78-409F-A111-A1F817D82B12}.Release|Any CPU.ActiveCfg = Release|Any CPU
		{F4FA6706-3B78-409F-A111-A1F817D82B12}.Release|Any CPU.Build.0 = Release|Any CPU
		{6FA38DF9-F7D7-45B6-82D2-86F9C50E347A}.Debug|Any CPU.ActiveCfg = Debug|Any CPU
		{6FA38DF9-F7D7-45B6-82D2-86F9C50E347A}.Debug|Any CPU.Build.0 = Debug|Any CPU
		{6FA38DF9-F7D7-45B6-82D2-86F9C50E347A}.Release|Any CPU.ActiveCfg = Release|Any CPU
		{6FA38DF9-F7D7-45B6-82D2-86F9C50E347A}.Release|Any CPU.Build.0 = Release|Any CPU
		{168A678B-4BD8-410C-AED1-95B5F7294B8B}.Debug|Any CPU.ActiveCfg = Debug|Any CPU
		{168A678B-4BD8-410C-AED1-95B5F7294B8B}.Debug|Any CPU.Build.0 = Debug|Any CPU
		{168A678B-4BD8-410C-AED1-95B5F7294B8B}.Release|Any CPU.ActiveCfg = Release|Any CPU
		{168A678B-4BD8-410C-AED1-95B5F7294B8B}.Release|Any CPU.Build.0 = Release|Any CPU
		{B0461F37-5FDF-4E62-9198-DE35799C5CFF}.Debug|Any CPU.ActiveCfg = Debug|Any CPU
		{B0461F37-5FDF-4E62-9198-DE35799C5CFF}.Debug|Any CPU.Build.0 = Debug|Any CPU
		{B0461F37-5FDF-4E62-9198-DE35799C5CFF}.Release|Any CPU.ActiveCfg = Release|Any CPU
		{B0461F37-5FDF-4E62-9198-DE35799C5CFF}.Release|Any CPU.Build.0 = Release|Any CPU
		{0CF6F323-2510-41D2-AD27-2F5979364F37}.Debug|Any CPU.ActiveCfg = Debug|Any CPU
		{0CF6F323-2510-41D2-AD27-2F5979364F37}.Debug|Any CPU.Build.0 = Debug|Any CPU
		{0CF6F323-2510-41D2-AD27-2F5979364F37}.Release|Any CPU.ActiveCfg = Release|Any CPU
		{0CF6F323-2510-41D2-AD27-2F5979364F37}.Release|Any CPU.Build.0 = Release|Any CPU
		{CAF330ED-98B1-43C3-9530-1413335DD352}.Debug|Any CPU.ActiveCfg = Debug|Any CPU
		{CAF330ED-98B1-43C3-9530-1413335DD352}.Debug|Any CPU.Build.0 = Debug|Any CPU
		{CAF330ED-98B1-43C3-9530-1413335DD352}.Release|Any CPU.ActiveCfg = Release|Any CPU
		{CAF330ED-98B1-43C3-9530-1413335DD352}.Release|Any CPU.Build.0 = Release|Any CPU
		{53086242-CB09-4B7F-861E-72B1D39AE950}.Debug|Any CPU.ActiveCfg = Debug|Any CPU
		{53086242-CB09-4B7F-861E-72B1D39AE950}.Debug|Any CPU.Build.0 = Debug|Any CPU
		{53086242-CB09-4B7F-861E-72B1D39AE950}.Release|Any CPU.ActiveCfg = Release|Any CPU
		{53086242-CB09-4B7F-861E-72B1D39AE950}.Release|Any CPU.Build.0 = Release|Any CPU
		{D709A977-88F6-4FA3-8413-4343DD90B3E0}.Debug|Any CPU.ActiveCfg = Debug|Any CPU
		{D709A977-88F6-4FA3-8413-4343DD90B3E0}.Debug|Any CPU.Build.0 = Debug|Any CPU
		{D709A977-88F6-4FA3-8413-4343DD90B3E0}.Release|Any CPU.ActiveCfg = Release|Any CPU
		{D709A977-88F6-4FA3-8413-4343DD90B3E0}.Release|Any CPU.Build.0 = Release|Any CPU
		{8AC359C0-97E2-4F27-A284-8CC8E19306DE}.Debug|Any CPU.ActiveCfg = Debug|Any CPU
		{8AC359C0-97E2-4F27-A284-8CC8E19306DE}.Debug|Any CPU.Build.0 = Debug|Any CPU
		{8AC359C0-97E2-4F27-A284-8CC8E19306DE}.Release|Any CPU.ActiveCfg = Release|Any CPU
		{8AC359C0-97E2-4F27-A284-8CC8E19306DE}.Release|Any CPU.Build.0 = Release|Any CPU
		{2B627C79-5EF8-42D3-B493-D84D70DACD6F}.Debug|Any CPU.ActiveCfg = Debug|Any CPU
		{2B627C79-5EF8-42D3-B493-D84D70DACD6F}.Debug|Any CPU.Build.0 = Debug|Any CPU
		{2B627C79-5EF8-42D3-B493-D84D70DACD6F}.Release|Any CPU.ActiveCfg = Release|Any CPU
		{2B627C79-5EF8-42D3-B493-D84D70DACD6F}.Release|Any CPU.Build.0 = Release|Any CPU
		{73A1106F-9109-4F29-AEB2-87BE54A66606}.Debug|Any CPU.ActiveCfg = Debug|Any CPU
		{73A1106F-9109-4F29-AEB2-87BE54A66606}.Debug|Any CPU.Build.0 = Debug|Any CPU
		{73A1106F-9109-4F29-AEB2-87BE54A66606}.Release|Any CPU.ActiveCfg = Release|Any CPU
		{73A1106F-9109-4F29-AEB2-87BE54A66606}.Release|Any CPU.Build.0 = Release|Any CPU
		{04948B89-4A0C-4252-B04F-95A241E0EC22}.Debug|Any CPU.ActiveCfg = Debug|Any CPU
		{04948B89-4A0C-4252-B04F-95A241E0EC22}.Debug|Any CPU.Build.0 = Debug|Any CPU
		{04948B89-4A0C-4252-B04F-95A241E0EC22}.Release|Any CPU.ActiveCfg = Release|Any CPU
		{04948B89-4A0C-4252-B04F-95A241E0EC22}.Release|Any CPU.Build.0 = Release|Any CPU
		{05F1639F-78F7-4CBB-A4CC-C957E46C2E5E}.Debug|Any CPU.ActiveCfg = Debug|Any CPU
		{05F1639F-78F7-4CBB-A4CC-C957E46C2E5E}.Debug|Any CPU.Build.0 = Debug|Any CPU
		{05F1639F-78F7-4CBB-A4CC-C957E46C2E5E}.Release|Any CPU.ActiveCfg = Release|Any CPU
		{05F1639F-78F7-4CBB-A4CC-C957E46C2E5E}.Release|Any CPU.Build.0 = Release|Any CPU
		{00E66102-40A4-4E96-807C-105BCB6DD6A3}.Debug|Any CPU.ActiveCfg = Debug|Any CPU
		{00E66102-40A4-4E96-807C-105BCB6DD6A3}.Debug|Any CPU.Build.0 = Debug|Any CPU
		{00E66102-40A4-4E96-807C-105BCB6DD6A3}.Release|Any CPU.ActiveCfg = Release|Any CPU
		{00E66102-40A4-4E96-807C-105BCB6DD6A3}.Release|Any CPU.Build.0 = Release|Any CPU
		{D7300B4F-193F-43B5-AC64-BE375FDFF2E6}.Debug|Any CPU.ActiveCfg = Debug|Any CPU
		{D7300B4F-193F-43B5-AC64-BE375FDFF2E6}.Debug|Any CPU.Build.0 = Debug|Any CPU
		{D7300B4F-193F-43B5-AC64-BE375FDFF2E6}.Release|Any CPU.ActiveCfg = Release|Any CPU
		{D7300B4F-193F-43B5-AC64-BE375FDFF2E6}.Release|Any CPU.Build.0 = Release|Any CPU
		{5627860A-63E8-4688-895B-CD127D4FB07B}.Debug|Any CPU.ActiveCfg = Debug|Any CPU
		{5627860A-63E8-4688-895B-CD127D4FB07B}.Debug|Any CPU.Build.0 = Debug|Any CPU
		{5627860A-63E8-4688-895B-CD127D4FB07B}.Release|Any CPU.ActiveCfg = Release|Any CPU
		{5627860A-63E8-4688-895B-CD127D4FB07B}.Release|Any CPU.Build.0 = Release|Any CPU
		{E1C98ED6-B69C-44B6-B248-F2E1EAB9D72B}.Debug|Any CPU.ActiveCfg = Debug|Any CPU
		{E1C98ED6-B69C-44B6-B248-F2E1EAB9D72B}.Debug|Any CPU.Build.0 = Debug|Any CPU
		{E1C98ED6-B69C-44B6-B248-F2E1EAB9D72B}.Release|Any CPU.ActiveCfg = Release|Any CPU
		{E1C98ED6-B69C-44B6-B248-F2E1EAB9D72B}.Release|Any CPU.Build.0 = Release|Any CPU
		{69E488F4-644D-4DCD-8FA0-CCC101913525}.Debug|Any CPU.ActiveCfg = Debug|Any CPU
		{69E488F4-644D-4DCD-8FA0-CCC101913525}.Debug|Any CPU.Build.0 = Debug|Any CPU
		{69E488F4-644D-4DCD-8FA0-CCC101913525}.Release|Any CPU.ActiveCfg = Release|Any CPU
		{69E488F4-644D-4DCD-8FA0-CCC101913525}.Release|Any CPU.Build.0 = Release|Any CPU
		{22B27B32-8F1C-470F-99BD-4E41CC3A51E6}.Debug|Any CPU.ActiveCfg = Debug|Any CPU
		{22B27B32-8F1C-470F-99BD-4E41CC3A51E6}.Debug|Any CPU.Build.0 = Debug|Any CPU
		{22B27B32-8F1C-470F-99BD-4E41CC3A51E6}.Release|Any CPU.ActiveCfg = Release|Any CPU
		{22B27B32-8F1C-470F-99BD-4E41CC3A51E6}.Release|Any CPU.Build.0 = Release|Any CPU
		{876D6EF2-6E75-4FAB-8553-29DC934ACBE9}.Debug|Any CPU.ActiveCfg = Debug|Any CPU
		{876D6EF2-6E75-4FAB-8553-29DC934ACBE9}.Debug|Any CPU.Build.0 = Debug|Any CPU
		{876D6EF2-6E75-4FAB-8553-29DC934ACBE9}.Release|Any CPU.ActiveCfg = Release|Any CPU
		{876D6EF2-6E75-4FAB-8553-29DC934ACBE9}.Release|Any CPU.Build.0 = Release|Any CPU
		{41640979-619C-4575-A0E0-A1B0EA992EC6}.Debug|Any CPU.ActiveCfg = Debug|Any CPU
		{41640979-619C-4575-A0E0-A1B0EA992EC6}.Debug|Any CPU.Build.0 = Debug|Any CPU
		{41640979-619C-4575-A0E0-A1B0EA992EC6}.Release|Any CPU.ActiveCfg = Release|Any CPU
		{41640979-619C-4575-A0E0-A1B0EA992EC6}.Release|Any CPU.Build.0 = Release|Any CPU
		{4DDAAD17-E001-4C6C-9A4C-42C65497C2DF}.Debug|Any CPU.ActiveCfg = Debug|Any CPU
		{4DDAAD17-E001-4C6C-9A4C-42C65497C2DF}.Debug|Any CPU.Build.0 = Debug|Any CPU
		{4DDAAD17-E001-4C6C-9A4C-42C65497C2DF}.Release|Any CPU.ActiveCfg = Release|Any CPU
		{4DDAAD17-E001-4C6C-9A4C-42C65497C2DF}.Release|Any CPU.Build.0 = Release|Any CPU
		{7590445C-4464-4886-99B1-BD111E0E1771}.Debug|Any CPU.ActiveCfg = Debug|Any CPU
		{7590445C-4464-4886-99B1-BD111E0E1771}.Debug|Any CPU.Build.0 = Debug|Any CPU
		{7590445C-4464-4886-99B1-BD111E0E1771}.Release|Any CPU.ActiveCfg = Release|Any CPU
		{7590445C-4464-4886-99B1-BD111E0E1771}.Release|Any CPU.Build.0 = Release|Any CPU
		{1300ECFB-C678-4663-B2CA-DA93375C1A81}.Debug|Any CPU.ActiveCfg = Debug|Any CPU
		{1300ECFB-C678-4663-B2CA-DA93375C1A81}.Debug|Any CPU.Build.0 = Debug|Any CPU
		{1300ECFB-C678-4663-B2CA-DA93375C1A81}.Release|Any CPU.ActiveCfg = Release|Any CPU
		{1300ECFB-C678-4663-B2CA-DA93375C1A81}.Release|Any CPU.Build.0 = Release|Any CPU
		{0DE11CF0-7412-4493-A11A-98C0A6040B26}.Debug|Any CPU.ActiveCfg = Debug|Any CPU
		{0DE11CF0-7412-4493-A11A-98C0A6040B26}.Debug|Any CPU.Build.0 = Debug|Any CPU
		{0DE11CF0-7412-4493-A11A-98C0A6040B26}.Release|Any CPU.ActiveCfg = Release|Any CPU
		{0DE11CF0-7412-4493-A11A-98C0A6040B26}.Release|Any CPU.Build.0 = Release|Any CPU
		{52C5724B-C8C9-42CF-8E8B-B46B08915478}.Debug|Any CPU.ActiveCfg = Debug|Any CPU
		{52C5724B-C8C9-42CF-8E8B-B46B08915478}.Debug|Any CPU.Build.0 = Debug|Any CPU
		{52C5724B-C8C9-42CF-8E8B-B46B08915478}.Release|Any CPU.ActiveCfg = Release|Any CPU
		{52C5724B-C8C9-42CF-8E8B-B46B08915478}.Release|Any CPU.Build.0 = Release|Any CPU
		{6436C83D-D05E-430B-8212-2EA67E0ABC8B}.Debug|Any CPU.ActiveCfg = Debug|Any CPU
		{6436C83D-D05E-430B-8212-2EA67E0ABC8B}.Debug|Any CPU.Build.0 = Debug|Any CPU
		{6436C83D-D05E-430B-8212-2EA67E0ABC8B}.Release|Any CPU.ActiveCfg = Release|Any CPU
		{6436C83D-D05E-430B-8212-2EA67E0ABC8B}.Release|Any CPU.Build.0 = Release|Any CPU
		{EAC89431-1306-42CA-920B-170E4B07DEDC}.Debug|Any CPU.ActiveCfg = Debug|Any CPU
		{EAC89431-1306-42CA-920B-170E4B07DEDC}.Debug|Any CPU.Build.0 = Debug|Any CPU
		{EAC89431-1306-42CA-920B-170E4B07DEDC}.Release|Any CPU.ActiveCfg = Release|Any CPU
		{EAC89431-1306-42CA-920B-170E4B07DEDC}.Release|Any CPU.Build.0 = Release|Any CPU
		{9F465C56-AE91-43AD-B75A-05FFF49C09EA}.Debug|Any CPU.ActiveCfg = Debug|Any CPU
		{9F465C56-AE91-43AD-B75A-05FFF49C09EA}.Debug|Any CPU.Build.0 = Debug|Any CPU
		{9F465C56-AE91-43AD-B75A-05FFF49C09EA}.Release|Any CPU.ActiveCfg = Release|Any CPU
		{9F465C56-AE91-43AD-B75A-05FFF49C09EA}.Release|Any CPU.Build.0 = Release|Any CPU
		{CCBCF58E-6978-4022-B362-7E8A72B2C4BB}.Debug|Any CPU.ActiveCfg = Debug|Any CPU
		{CCBCF58E-6978-4022-B362-7E8A72B2C4BB}.Debug|Any CPU.Build.0 = Debug|Any CPU
		{CCBCF58E-6978-4022-B362-7E8A72B2C4BB}.Release|Any CPU.ActiveCfg = Release|Any CPU
		{CCBCF58E-6978-4022-B362-7E8A72B2C4BB}.Release|Any CPU.Build.0 = Release|Any CPU
		{5C80A914-0818-4A90-88A5-981BDCD7419C}.Debug|Any CPU.ActiveCfg = Debug|Any CPU
		{5C80A914-0818-4A90-88A5-981BDCD7419C}.Debug|Any CPU.Build.0 = Debug|Any CPU
		{5C80A914-0818-4A90-88A5-981BDCD7419C}.Release|Any CPU.ActiveCfg = Release|Any CPU
		{5C80A914-0818-4A90-88A5-981BDCD7419C}.Release|Any CPU.Build.0 = Release|Any CPU
		{209D211E-3D36-4CBF-AFE9-1C247D7CEF86}.Debug|Any CPU.ActiveCfg = Debug|Any CPU
		{209D211E-3D36-4CBF-AFE9-1C247D7CEF86}.Debug|Any CPU.Build.0 = Debug|Any CPU
		{209D211E-3D36-4CBF-AFE9-1C247D7CEF86}.Release|Any CPU.ActiveCfg = Release|Any CPU
		{209D211E-3D36-4CBF-AFE9-1C247D7CEF86}.Release|Any CPU.Build.0 = Release|Any CPU
		{54ADB2E0-5CA8-4DC4-BCD0-6FB1E26F47C6}.Debug|Any CPU.ActiveCfg = Debug|Any CPU
		{54ADB2E0-5CA8-4DC4-BCD0-6FB1E26F47C6}.Debug|Any CPU.Build.0 = Debug|Any CPU
		{54ADB2E0-5CA8-4DC4-BCD0-6FB1E26F47C6}.Release|Any CPU.ActiveCfg = Release|Any CPU
		{54ADB2E0-5CA8-4DC4-BCD0-6FB1E26F47C6}.Release|Any CPU.Build.0 = Release|Any CPU
		{0B8D262E-8401-4793-B7CC-88C3661DBF52}.Debug|Any CPU.ActiveCfg = Debug|Any CPU
		{0B8D262E-8401-4793-B7CC-88C3661DBF52}.Debug|Any CPU.Build.0 = Debug|Any CPU
		{0B8D262E-8401-4793-B7CC-88C3661DBF52}.Release|Any CPU.ActiveCfg = Release|Any CPU
		{0B8D262E-8401-4793-B7CC-88C3661DBF52}.Release|Any CPU.Build.0 = Release|Any CPU
		{38E4DD82-1AE6-4292-B1B6-E9C4932A2E20}.Debug|Any CPU.ActiveCfg = Debug|Any CPU
		{38E4DD82-1AE6-4292-B1B6-E9C4932A2E20}.Debug|Any CPU.Build.0 = Debug|Any CPU
		{38E4DD82-1AE6-4292-B1B6-E9C4932A2E20}.Release|Any CPU.ActiveCfg = Release|Any CPU
		{38E4DD82-1AE6-4292-B1B6-E9C4932A2E20}.Release|Any CPU.Build.0 = Release|Any CPU
		{B01D0234-F080-4162-A6BD-1BEF13A6C6ED}.Debug|Any CPU.ActiveCfg = Debug|Any CPU
		{B01D0234-F080-4162-A6BD-1BEF13A6C6ED}.Debug|Any CPU.Build.0 = Debug|Any CPU
		{B01D0234-F080-4162-A6BD-1BEF13A6C6ED}.Release|Any CPU.ActiveCfg = Release|Any CPU
		{B01D0234-F080-4162-A6BD-1BEF13A6C6ED}.Release|Any CPU.Build.0 = Release|Any CPU
		{E6B97001-B779-4D6E-84DB-B3047ABA387B}.Debug|Any CPU.ActiveCfg = Debug|Any CPU
		{E6B97001-B779-4D6E-84DB-B3047ABA387B}.Debug|Any CPU.Build.0 = Debug|Any CPU
		{E6B97001-B779-4D6E-84DB-B3047ABA387B}.Release|Any CPU.ActiveCfg = Release|Any CPU
		{E6B97001-B779-4D6E-84DB-B3047ABA387B}.Release|Any CPU.Build.0 = Release|Any CPU
		{9ADF04FE-0A2D-49B7-8F9A-E79FC856EAE7}.Debug|Any CPU.ActiveCfg = Debug|Any CPU
		{9ADF04FE-0A2D-49B7-8F9A-E79FC856EAE7}.Debug|Any CPU.Build.0 = Debug|Any CPU
		{9ADF04FE-0A2D-49B7-8F9A-E79FC856EAE7}.Release|Any CPU.ActiveCfg = Release|Any CPU
		{9ADF04FE-0A2D-49B7-8F9A-E79FC856EAE7}.Release|Any CPU.Build.0 = Release|Any CPU
		{9331CBDC-FAE8-4F42-AD6E-BBD1EDF37144}.Debug|Any CPU.ActiveCfg = Debug|Any CPU
		{9331CBDC-FAE8-4F42-AD6E-BBD1EDF37144}.Debug|Any CPU.Build.0 = Debug|Any CPU
		{9331CBDC-FAE8-4F42-AD6E-BBD1EDF37144}.Release|Any CPU.ActiveCfg = Release|Any CPU
		{9331CBDC-FAE8-4F42-AD6E-BBD1EDF37144}.Release|Any CPU.Build.0 = Release|Any CPU
		{AE59EDBC-F5F4-4FA6-BF7F-4E6A9EFB83B9}.Debug|Any CPU.ActiveCfg = Debug|Any CPU
		{AE59EDBC-F5F4-4FA6-BF7F-4E6A9EFB83B9}.Debug|Any CPU.Build.0 = Debug|Any CPU
		{AE59EDBC-F5F4-4FA6-BF7F-4E6A9EFB83B9}.Release|Any CPU.ActiveCfg = Release|Any CPU
		{AE59EDBC-F5F4-4FA6-BF7F-4E6A9EFB83B9}.Release|Any CPU.Build.0 = Release|Any CPU
		{F0C036AD-E5A2-44AB-BDEA-033855091EE6}.Debug|Any CPU.ActiveCfg = Debug|Any CPU
		{F0C036AD-E5A2-44AB-BDEA-033855091EE6}.Debug|Any CPU.Build.0 = Debug|Any CPU
		{F0C036AD-E5A2-44AB-BDEA-033855091EE6}.Release|Any CPU.ActiveCfg = Release|Any CPU
		{F0C036AD-E5A2-44AB-BDEA-033855091EE6}.Release|Any CPU.Build.0 = Release|Any CPU
		{ACB165E6-79DF-4541-B46F-3D5E97E8F200}.Debug|Any CPU.ActiveCfg = Debug|Any CPU
		{ACB165E6-79DF-4541-B46F-3D5E97E8F200}.Debug|Any CPU.Build.0 = Debug|Any CPU
		{ACB165E6-79DF-4541-B46F-3D5E97E8F200}.Release|Any CPU.ActiveCfg = Release|Any CPU
		{ACB165E6-79DF-4541-B46F-3D5E97E8F200}.Release|Any CPU.Build.0 = Release|Any CPU
		{95E6376D-3F15-4C0B-80EE-1A0486B73B01}.Debug|Any CPU.ActiveCfg = Debug|Any CPU
		{95E6376D-3F15-4C0B-80EE-1A0486B73B01}.Debug|Any CPU.Build.0 = Debug|Any CPU
		{95E6376D-3F15-4C0B-80EE-1A0486B73B01}.Release|Any CPU.ActiveCfg = Release|Any CPU
		{95E6376D-3F15-4C0B-80EE-1A0486B73B01}.Release|Any CPU.Build.0 = Release|Any CPU
		{5140DDD3-7990-4BA6-BF96-B9BFAF095414}.Debug|Any CPU.ActiveCfg = Debug|Any CPU
		{5140DDD3-7990-4BA6-BF96-B9BFAF095414}.Debug|Any CPU.Build.0 = Debug|Any CPU
		{5140DDD3-7990-4BA6-BF96-B9BFAF095414}.Release|Any CPU.ActiveCfg = Release|Any CPU
		{5140DDD3-7990-4BA6-BF96-B9BFAF095414}.Release|Any CPU.Build.0 = Release|Any CPU
		{D4399B55-9439-487F-AAED-19513471BE0C}.Debug|Any CPU.ActiveCfg = Debug|Any CPU
		{D4399B55-9439-487F-AAED-19513471BE0C}.Debug|Any CPU.Build.0 = Debug|Any CPU
		{D4399B55-9439-487F-AAED-19513471BE0C}.Release|Any CPU.ActiveCfg = Release|Any CPU
		{D4399B55-9439-487F-AAED-19513471BE0C}.Release|Any CPU.Build.0 = Release|Any CPU
		{BFB2D79E-BC9B-4F04-8C1A-DEDF09782EC3}.Debug|Any CPU.ActiveCfg = Debug|Any CPU
		{BFB2D79E-BC9B-4F04-8C1A-DEDF09782EC3}.Debug|Any CPU.Build.0 = Debug|Any CPU
		{BFB2D79E-BC9B-4F04-8C1A-DEDF09782EC3}.Release|Any CPU.ActiveCfg = Release|Any CPU
		{BFB2D79E-BC9B-4F04-8C1A-DEDF09782EC3}.Release|Any CPU.Build.0 = Release|Any CPU
		{A74660A3-2E31-463F-9123-07FD417F859D}.Debug|Any CPU.ActiveCfg = Debug|Any CPU
		{A74660A3-2E31-463F-9123-07FD417F859D}.Debug|Any CPU.Build.0 = Debug|Any CPU
		{A74660A3-2E31-463F-9123-07FD417F859D}.Release|Any CPU.ActiveCfg = Release|Any CPU
		{A74660A3-2E31-463F-9123-07FD417F859D}.Release|Any CPU.Build.0 = Release|Any CPU
	EndGlobalSection
	GlobalSection(SolutionProperties) = preSolution
		HideSolutionNode = FALSE
	EndGlobalSection
	GlobalSection(ExtensibilityGlobals) = postSolution
		SolutionGuid = {80E5C792-D49A-4177-8545-4048B6EEEADD}
	EndGlobalSection
EndGlobal
