
Microsoft Visual Studio Solution File, Format Version 12.00
# Visual Studio Version 16
VisualStudioVersion = 16.0.30907.101
MinimumVisualStudioVersion = 10.0.40219.1
Project("{FAE04EC0-301F-11D3-BF4B-00C04F79EFBC}") = "TestPr27 dll - creating a class library", "TestPr27 dll - creating a class library\TestPr27 dll - creating a class library.csproj", "{0B989911-8A0A-411D-AC35-40D442ADE9F9}"
EndProject
Project("{FAE04EC0-301F-11D3-BF4B-00C04F79EFBC}") = "MyLibrary", "MyLibrary\MyLibrary.csproj", "{EBFB41B8-0D07-4C56-B69A-263DB7B94015}"
EndProject
Global
	GlobalSection(SolutionConfigurationPlatforms) = preSolution
		Debug|Any CPU = Debug|Any CPU
		Release|Any CPU = Release|Any CPU
	EndGlobalSection
	GlobalSection(ProjectConfigurationPlatforms) = postSolution
		{0B989911-8A0A-411D-AC35-40D442ADE9F9}.Debug|Any CPU.ActiveCfg = Debug|Any CPU
		{0B989911-8A0A-411D-AC35-40D442ADE9F9}.Debug|Any CPU.Build.0 = Debug|Any CPU
		{0B989911-8A0A-411D-AC35-40D442ADE9F9}.Release|Any CPU.ActiveCfg = Release|Any CPU
		{0B989911-8A0A-411D-AC35-40D442ADE9F9}.Release|Any CPU.Build.0 = Release|Any CPU
		{EBFB41B8-0D07-4C56-B69A-263DB7B94015}.Debug|Any CPU.ActiveCfg = Debug|Any CPU
		{EBFB41B8-0D07-4C56-B69A-263DB7B94015}.Debug|Any CPU.Build.0 = Debug|Any CPU
		{EBFB41B8-0D07-4C56-B69A-263DB7B94015}.Release|Any CPU.ActiveCfg = Release|Any CPU
		{EBFB41B8-0D07-4C56-B69A-263DB7B94015}.Release|Any CPU.Build.0 = Release|Any CPU
	EndGlobalSection
	GlobalSection(SolutionProperties) = preSolution
		HideSolutionNode = FALSE
	EndGlobalSection
	GlobalSection(ExtensibilityGlobals) = postSolution
		SolutionGuid = {42FA76BF-6EEA-4F9F-B730-DBFD76906DFF}
	EndGlobalSection
EndGlobal
